
Microsoft Visual Studio Solution File, Format Version 12.00
# Visual Studio Version 16
VisualStudioVersion = 16.0.29020.237
MinimumVisualStudioVersion = 10.0.40219.1
Project("{FAE04EC0-301F-11D3-BF4B-00C04F79EFBC}") = "OpakovaniMVOP", "OpakovaniMVOP\OpakovaniMVOP.csproj", "{CE755A08-1929-4FC8-942F-76E8EA96A229}"
EndProject
Global
	GlobalSection(SolutionConfigurationPlatforms) = preSolution
		Debug|Any CPU = Debug|Any CPU
		Release|Any CPU = Release|Any CPU
	EndGlobalSection
	GlobalSection(ProjectConfigurationPlatforms) = postSolution
		{CE755A08-1929-4FC8-942F-76E8EA96A229}.Debug|Any CPU.ActiveCfg = Debug|Any CPU
		{CE755A08-1929-4FC8-942F-76E8EA96A229}.Debug|Any CPU.Build.0 = Debug|Any CPU
		{CE755A08-1929-4FC8-942F-76E8EA96A229}.Release|Any CPU.ActiveCfg = Release|Any CPU
		{CE755A08-1929-4FC8-942F-76E8EA96A229}.Release|Any CPU.Build.0 = Release|Any CPU
	EndGlobalSection
	GlobalSection(SolutionProperties) = preSolution
		HideSolutionNode = FALSE
	EndGlobalSection
	GlobalSection(ExtensibilityGlobals) = postSolution
		SolutionGuid = {A271092E-F7BC-4DA9-8A91-A4096A8124BA}
	EndGlobalSection
EndGlobal
